<?xml version="1.0" encoding="UTF-8" standalone="yes" ?>
<CodeBlocks_project_file>
	<FileVersion major="1" minor="6" />
	<Project>
		<Option title="cckbmp" />
		<Option pch_mode="2" />
		<Option compiler="gcc" />
		<Build>
			<Target title="Debug">
				<Option output="bin/Debug/cckbmp" prefix_auto="1" extension_auto="1" />
				<Option object_output="obj/Debug/" />
				<Option type="1" />
				<Option compiler="gcc" />
				<Compiler>
					<Add option="-g" />
				</Compiler>
			</Target>
			<Target title="Release">
				<Option output="bin/Release/cckbmp" prefix_auto="1" extension_auto="1" />
				<Option object_output="obj/Release/" />
				<Option type="1" />
				<Option compiler="gcc" />
				<Compiler>
					<Add option="-O2" />
				</Compiler>
				<Linker>
					<Add option="-s" />
				</Linker>
			</Target>
		</Build>
		<Compiler>
			<Add option="-std=c++11" />
			<Add option="-Wextra" />
			<Add option="-Wall" />
			<Add option="-fexceptions" />
			<Add directory="../src" />
		</Compiler>
		<Unit filename="../src/cck.h" />
		<Unit filename="../src/cckError.h" />
		<Unit filename="../src/cckGeoCoord.cpp" />
		<Unit filename="../src/cckGeoCoord.h" />
		<Unit filename="../src/cckGlobe.cpp" />
		<Unit filename="../src/cckGlobe.h" />
		<Unit filename="../src/cckMath.cpp" />
		<Unit filename="../src/cckMath.h" />
		<Unit filename="../src/cckSimplexNoise.cpp" />
		<Unit filename="../src/cckSimplexNoise.h" />
		<Unit filename="../src/cckVec3.cpp" />
		<Unit filename="../src/cckVec3.h" />
		<Unit filename="EasyBMP/EasyBMP.cpp" />
		<Unit filename="EasyBMP/EasyBMP.h" />
		<Unit filename="EasyBMP/EasyBMP_BMP.h" />
		<Unit filename="EasyBMP/EasyBMP_DataStructures.h" />
		<Unit filename="EasyBMP/EasyBMP_VariousBMPutilities.h" />
		<Unit filename="main.cpp" />
		<Extensions>
			<code_completion />
			<envvars />
			<debugger />
			<lib_finder disable_auto="1" />
		</Extensions>
	</Project>
</CodeBlocks_project_file>
